
Microsoft Visual Studio Solution File, Format Version 12.00
# Visual Studio 2012
Project("{2150E333-8FDC-42A3-9474-1A3956D46DE8}") = "application", "application", "{96F4B848-5385-474C-9147-FA816BD0C15C}"
EndProject
Project("{2150E333-8FDC-42A3-9474-1A3956D46DE8}") = "01 - Presentation", "01 - Presentation", "{4D2B2B5E-3E92-46F0-97C6-034DDD653022}"
EndProject
Project("{2150E333-8FDC-42A3-9474-1A3956D46DE8}") = "02 - Infrastructure", "02 - Infrastructure", "{D2D8A51C-83A3-4916-B0A7-329D0E1C4276}"
EndProject
Project("{2150E333-8FDC-42A3-9474-1A3956D46DE8}") = "03 - Domain", "03 - Domain", "{DADF7C04-09A6-428B-9AE6-CD4D025C473B}"
EndProject
Project("{2150E333-8FDC-42A3-9474-1A3956D46DE8}") = "test", "test", "{3CA60CA8-287F-434A-A040-A38C9FFAB04A}"
EndProject
Project("{2150E333-8FDC-42A3-9474-1A3956D46DE8}") = "01 - Executable Specifications", "01 - Executable Specifications", "{BE21F75D-4FDE-48B2-B361-5C5E03E9E75F}"
EndProject
Project("{2150E333-8FDC-42A3-9474-1A3956D46DE8}") = "02 - Unit and Integration Tests", "02 - Unit and Integration Tests", "{8D2672B8-72A6-4E9B-A0DD-F708AC623A7C}"
EndProject
Project("{2150E333-8FDC-42A3-9474-1A3956D46DE8}") = "03 - UI Functional Tests", "03 - UI Functional Tests", "{69C0BADD-FCC3-47CC-B20C-58418D2ECB85}"
EndProject
Project("{2150E333-8FDC-42A3-9474-1A3956D46DE8}") = ".nuget", ".nuget", "{7D243AF9-59E1-4F5C-9092-D6C2BF33DE82}"
	ProjectSection(SolutionItems) = preProject
		.nuget\NuGet.Config = .nuget\NuGet.Config
		.nuget\NuGet.exe = .nuget\NuGet.exe
		.nuget\NuGet.targets = .nuget\NuGet.targets
	EndProjectSection
EndProject
Project("{FAE04EC0-301F-11D3-BF4B-00C04F79EFBC}") = "UnitTests", "source\test\UnitTests\UnitTests.csproj", "{056DD7F0-6D04-420A-9C41-CE41981194F7}"
EndProject
Project("{FAE04EC0-301F-11D3-BF4B-00C04F79EFBC}") = "Acceptance", "source\test\Acceptance\Acceptance.csproj", "{D28DD10D-00AF-4D24-9AE7-80789DF10689}"
EndProject
Project("{FAE04EC0-301F-11D3-BF4B-00C04F79EFBC}") = "IntegrationTests", "source\test\IntegrationTests\IntegrationTests.csproj", "{8B2FC37C-ECB3-48CF-ABBB-715C67BD8BD5}"
EndProject
Project("{FAE04EC0-301F-11D3-BF4B-00C04F79EFBC}") = "ExecutableSpecifications", "source\test\ExecutableSpecification\ExecutableSpecifications.csproj", "{31C3E435-4D22-4FAE-9177-296E1051850A}"
EndProject
Project("{2150E333-8FDC-42A3-9474-1A3956D46DE8}") = "04 - Services", "04 - Services", "{6111EFD4-115B-495B-ABF5-08896B8EA124}"
EndProject
Project("{FAE04EC0-301F-11D3-BF4B-00C04F79EFBC}") = "Infrastructure", "source\application\Infrastructure\Infrastructure.csproj", "{0D9B74C4-A71A-4A21-AA76-680780A95A72}"
EndProject
Project("{FAE04EC0-301F-11D3-BF4B-00C04F79EFBC}") = "Data.EntityFramework", "source\application\Data\Data.EntityFramework.csproj", "{1C3C85A3-7966-4F9E-B40A-8E680D11A394}"
EndProject
Project("{FAE04EC0-301F-11D3-BF4B-00C04F79EFBC}") = "DependencyResolution", "source\application\DependencyResolution\DependencyResolution.csproj", "{A875A08F-5035-4F69-BAFA-CFD7973F6B7A}"
EndProject
Project("{FAE04EC0-301F-11D3-BF4B-00C04F79EFBC}") = "Core", "source\application\Core\Core.csproj", "{877EE454-3C06-476B-B40A-629791BD2EE0}"
EndProject
Project("{FAE04EC0-301F-11D3-BF4B-00C04F79EFBC}") = "Services", "source\application\Services\Services.csproj", "{8320DD2B-465B-4A51-B55C-2DC06C3DAAD1}"
EndProject
Project("{FAE04EC0-301F-11D3-BF4B-00C04F79EFBC}") = "Web", "source\application\Web\Web.csproj", "{D57013D3-1B04-474B-997D-75A2904D8BE9}"
EndProject
Global
	GlobalSection(SolutionConfigurationPlatforms) = preSolution
		Debug|Any CPU = Debug|Any CPU
		Release|Any CPU = Release|Any CPU
	EndGlobalSection
	GlobalSection(ProjectConfigurationPlatforms) = postSolution
		{056DD7F0-6D04-420A-9C41-CE41981194F7}.Debug|Any CPU.ActiveCfg = Debug|Any CPU
		{056DD7F0-6D04-420A-9C41-CE41981194F7}.Debug|Any CPU.Build.0 = Debug|Any CPU
		{056DD7F0-6D04-420A-9C41-CE41981194F7}.Release|Any CPU.ActiveCfg = Release|Any CPU
		{056DD7F0-6D04-420A-9C41-CE41981194F7}.Release|Any CPU.Build.0 = Release|Any CPU
		{D28DD10D-00AF-4D24-9AE7-80789DF10689}.Debug|Any CPU.ActiveCfg = Debug|Any CPU
		{D28DD10D-00AF-4D24-9AE7-80789DF10689}.Debug|Any CPU.Build.0 = Debug|Any CPU
		{D28DD10D-00AF-4D24-9AE7-80789DF10689}.Release|Any CPU.ActiveCfg = Release|Any CPU
		{D28DD10D-00AF-4D24-9AE7-80789DF10689}.Release|Any CPU.Build.0 = Release|Any CPU
		{8B2FC37C-ECB3-48CF-ABBB-715C67BD8BD5}.Debug|Any CPU.ActiveCfg = Debug|Any CPU
		{8B2FC37C-ECB3-48CF-ABBB-715C67BD8BD5}.Debug|Any CPU.Build.0 = Debug|Any CPU
		{8B2FC37C-ECB3-48CF-ABBB-715C67BD8BD5}.Release|Any CPU.ActiveCfg = Release|Any CPU
		{8B2FC37C-ECB3-48CF-ABBB-715C67BD8BD5}.Release|Any CPU.Build.0 = Release|Any CPU
		{31C3E435-4D22-4FAE-9177-296E1051850A}.Debug|Any CPU.ActiveCfg = Debug|Any CPU
		{31C3E435-4D22-4FAE-9177-296E1051850A}.Debug|Any CPU.Build.0 = Debug|Any CPU
		{31C3E435-4D22-4FAE-9177-296E1051850A}.Release|Any CPU.ActiveCfg = Release|Any CPU
		{31C3E435-4D22-4FAE-9177-296E1051850A}.Release|Any CPU.Build.0 = Release|Any CPU
		{0D9B74C4-A71A-4A21-AA76-680780A95A72}.Debug|Any CPU.ActiveCfg = Debug|Any CPU
		{0D9B74C4-A71A-4A21-AA76-680780A95A72}.Debug|Any CPU.Build.0 = Debug|Any CPU
		{0D9B74C4-A71A-4A21-AA76-680780A95A72}.Release|Any CPU.ActiveCfg = Release|Any CPU
		{0D9B74C4-A71A-4A21-AA76-680780A95A72}.Release|Any CPU.Build.0 = Release|Any CPU
		{1C3C85A3-7966-4F9E-B40A-8E680D11A394}.Debug|Any CPU.ActiveCfg = Debug|Any CPU
		{1C3C85A3-7966-4F9E-B40A-8E680D11A394}.Debug|Any CPU.Build.0 = Debug|Any CPU
		{1C3C85A3-7966-4F9E-B40A-8E680D11A394}.Release|Any CPU.ActiveCfg = Release|Any CPU
		{1C3C85A3-7966-4F9E-B40A-8E680D11A394}.Release|Any CPU.Build.0 = Release|Any CPU
		{A875A08F-5035-4F69-BAFA-CFD7973F6B7A}.Debug|Any CPU.ActiveCfg = Debug|Any CPU
		{A875A08F-5035-4F69-BAFA-CFD7973F6B7A}.Debug|Any CPU.Build.0 = Debug|Any CPU
		{A875A08F-5035-4F69-BAFA-CFD7973F6B7A}.Release|Any CPU.ActiveCfg = Release|Any CPU
		{A875A08F-5035-4F69-BAFA-CFD7973F6B7A}.Release|Any CPU.Build.0 = Release|Any CPU
		{877EE454-3C06-476B-B40A-629791BD2EE0}.Debug|Any CPU.ActiveCfg = Debug|Any CPU
		{877EE454-3C06-476B-B40A-629791BD2EE0}.Debug|Any CPU.Build.0 = Debug|Any CPU
		{877EE454-3C06-476B-B40A-629791BD2EE0}.Release|Any CPU.ActiveCfg = Release|Any CPU
		{877EE454-3C06-476B-B40A-629791BD2EE0}.Release|Any CPU.Build.0 = Release|Any CPU
		{8320DD2B-465B-4A51-B55C-2DC06C3DAAD1}.Debug|Any CPU.ActiveCfg = Debug|Any CPU
		{8320DD2B-465B-4A51-B55C-2DC06C3DAAD1}.Debug|Any CPU.Build.0 = Debug|Any CPU
		{8320DD2B-465B-4A51-B55C-2DC06C3DAAD1}.Release|Any CPU.ActiveCfg = Release|Any CPU
		{8320DD2B-465B-4A51-B55C-2DC06C3DAAD1}.Release|Any CPU.Build.0 = Release|Any CPU
		{D57013D3-1B04-474B-997D-75A2904D8BE9}.Debug|Any CPU.ActiveCfg = Debug|Any CPU
		{D57013D3-1B04-474B-997D-75A2904D8BE9}.Debug|Any CPU.Build.0 = Debug|Any CPU
		{D57013D3-1B04-474B-997D-75A2904D8BE9}.Release|Any CPU.ActiveCfg = Release|Any CPU
		{D57013D3-1B04-474B-997D-75A2904D8BE9}.Release|Any CPU.Build.0 = Release|Any CPU
	EndGlobalSection
	GlobalSection(SolutionProperties) = preSolution
		HideSolutionNode = FALSE
	EndGlobalSection
	GlobalSection(NestedProjects) = preSolution
		{4D2B2B5E-3E92-46F0-97C6-034DDD653022} = {96F4B848-5385-474C-9147-FA816BD0C15C}
		{D2D8A51C-83A3-4916-B0A7-329D0E1C4276} = {96F4B848-5385-474C-9147-FA816BD0C15C}
		{DADF7C04-09A6-428B-9AE6-CD4D025C473B} = {96F4B848-5385-474C-9147-FA816BD0C15C}
		{6111EFD4-115B-495B-ABF5-08896B8EA124} = {96F4B848-5385-474C-9147-FA816BD0C15C}
		{D57013D3-1B04-474B-997D-75A2904D8BE9} = {4D2B2B5E-3E92-46F0-97C6-034DDD653022}
		{0D9B74C4-A71A-4A21-AA76-680780A95A72} = {D2D8A51C-83A3-4916-B0A7-329D0E1C4276}
		{1C3C85A3-7966-4F9E-B40A-8E680D11A394} = {D2D8A51C-83A3-4916-B0A7-329D0E1C4276}
		{A875A08F-5035-4F69-BAFA-CFD7973F6B7A} = {D2D8A51C-83A3-4916-B0A7-329D0E1C4276}
		{877EE454-3C06-476B-B40A-629791BD2EE0} = {DADF7C04-09A6-428B-9AE6-CD4D025C473B}
		{BE21F75D-4FDE-48B2-B361-5C5E03E9E75F} = {3CA60CA8-287F-434A-A040-A38C9FFAB04A}
		{8D2672B8-72A6-4E9B-A0DD-F708AC623A7C} = {3CA60CA8-287F-434A-A040-A38C9FFAB04A}
		{69C0BADD-FCC3-47CC-B20C-58418D2ECB85} = {3CA60CA8-287F-434A-A040-A38C9FFAB04A}
		{D28DD10D-00AF-4D24-9AE7-80789DF10689} = {BE21F75D-4FDE-48B2-B361-5C5E03E9E75F}
		{31C3E435-4D22-4FAE-9177-296E1051850A} = {BE21F75D-4FDE-48B2-B361-5C5E03E9E75F}
		{056DD7F0-6D04-420A-9C41-CE41981194F7} = {8D2672B8-72A6-4E9B-A0DD-F708AC623A7C}
		{8B2FC37C-ECB3-48CF-ABBB-715C67BD8BD5} = {8D2672B8-72A6-4E9B-A0DD-F708AC623A7C}
		{8320DD2B-465B-4A51-B55C-2DC06C3DAAD1} = {6111EFD4-115B-495B-ABF5-08896B8EA124}
	EndGlobalSection
EndGlobal
